
Microsoft Visual Studio Solution File, Format Version 12.00
# Visual Studio 15
VisualStudioVersion = 15.0.28307.1022
MinimumVisualStudioVersion = 10.0.40219.1
Project("{FAE04EC0-301F-11D3-BF4B-00C04F79EFBC}") = "TournamentLibrary", "TournamentLibrary\TournamentLibrary.csproj", "{509F9B9F-6D7E-4354-8802-B87A7036C0C9}"
EndProject
Global
	GlobalSection(SolutionConfigurationPlatforms) = preSolution
		Debug|Any CPU = Debug|Any CPU
		Release|Any CPU = Release|Any CPU
	EndGlobalSection
	GlobalSection(ProjectConfigurationPlatforms) = postSolution
		{509F9B9F-6D7E-4354-8802-B87A7036C0C9}.Debug|Any CPU.ActiveCfg = Debug|Any CPU
		{509F9B9F-6D7E-4354-8802-B87A7036C0C9}.Debug|Any CPU.Build.0 = Debug|Any CPU
		{509F9B9F-6D7E-4354-8802-B87A7036C0C9}.Release|Any CPU.ActiveCfg = Release|Any CPU
		{509F9B9F-6D7E-4354-8802-B87A7036C0C9}.Release|Any CPU.Build.0 = Release|Any CPU
	EndGlobalSection
	GlobalSection(SolutionProperties) = preSolution
		HideSolutionNode = FALSE
	EndGlobalSection
	GlobalSection(ExtensibilityGlobals) = postSolution
		SolutionGuid = {7DE2A247-BA51-4BB9-97C3-50A20667862B}
	EndGlobalSection
EndGlobal
